[[package]]
category = "main"
description = "Writing user interfaces without all that ugly mucking about in hyperspace"
name = "npyscreen"
optional = false
python-versions = "*"
version = "4.10.5"

[metadata]
content-hash = "5b5182911ae231503912862b311e60ee1bf15fe5fa7a1b1c096ac75ef2ed6d75"
python-versions = "^3.8"

[metadata.files]
npyscreen = [
    {file = "npyscreen-4.10.5.tar.gz", hash = "sha256:622ee0f9a5dae946e635b7c6e0f6d65e1ed3c9ea0d20b89dab7f58d580e5126e"},
]
